
Microsoft Visual Studio Solution File, Format Version 12.00
# Visual Studio Version 17
VisualStudioVersion = 17.9.34902.65
MinimumVisualStudioVersion = 10.0.40219.1
Project("{C9674DCB-5085-4A16-B785-4C70DD1589BD}") = "LOAD_Northwnd", "DataMart_Northwnd\LOAD_Northwnd.dtproj", "{5DE419DE-34C9-4236-9A25-B469028141F8}"
EndProject
Project("{C9674DCB-5085-4A16-B785-4C70DD1589BD}") = "Stage_Northwnd", "Stage_Northwnd\Stage_Northwnd.dtproj", "{62560E14-FE92-4683-B7FA-D51EC91C3D65}"
EndProject
Project("{C9674DCB-5085-4A16-B785-4C70DD1589BD}") = "Data_Mart_Northwnd", "Data_Mart_Northwnd\Data_Mart_Northwnd.dtproj", "{4CFA7CCB-DDDE-4A27-8D73-A10833E4F843}"
EndProject
Global
	GlobalSection(SolutionConfigurationPlatforms) = preSolution
		Development|Default = Development|Default
	EndGlobalSection
	GlobalSection(ProjectConfigurationPlatforms) = postSolution
		{5DE419DE-34C9-4236-9A25-B469028141F8}.Development|Default.ActiveCfg = Development
		{5DE419DE-34C9-4236-9A25-B469028141F8}.Development|Default.Build.0 = Development
		{62560E14-FE92-4683-B7FA-D51EC91C3D65}.Development|Default.ActiveCfg = Development
		{62560E14-FE92-4683-B7FA-D51EC91C3D65}.Development|Default.Build.0 = Development
		{4CFA7CCB-DDDE-4A27-8D73-A10833E4F843}.Development|Default.ActiveCfg = Development
		{4CFA7CCB-DDDE-4A27-8D73-A10833E4F843}.Development|Default.Build.0 = Development
	EndGlobalSection
	GlobalSection(SolutionProperties) = preSolution
		HideSolutionNode = FALSE
	EndGlobalSection
	GlobalSection(ExtensibilityGlobals) = postSolution
		SolutionGuid = {52484177-EEE7-48EA-8E2A-B39F7DC5E423}
	EndGlobalSection
EndGlobal
